
Microsoft Visual Studio Solution File, Format Version 12.00
# Visual Studio Version 17
VisualStudioVersion = 17.14.36301.6 d17.14
MinimumVisualStudioVersion = 10.0.40219.1
Project("{FAE04EC0-301F-11D3-BF4B-00C04F79EFBC}") = "WebApi", "WebApi\WebApi\WebApi.csproj", "{1C7C7A6C-5FDF-4723-8FF6-C1258384056C}"
EndProject
Project("{FAE04EC0-301F-11D3-BF4B-00C04F79EFBC}") = "Koop.Data", "Koop.Data\Koop.Data.csproj", "{AFF892DF-F8BD-4587-BDBE-214023320011}"
EndProject
Project("{FAE04EC0-301F-11D3-BF4B-00C04F79EFBC}") = "Koop.Entity", "Koop.Entity\Koop.Entity.csproj", "{652D419D-0E1D-4DD3-9882-FDC95DAC329D}"
EndProject
Project("{FAE04EC0-301F-11D3-BF4B-00C04F79EFBC}") = "Koop.Service", "Koop.Service\Koop.Service.csproj", "{5860E94E-6C8A-45E0-91B9-06355545F775}"
EndProject
Project("{FAE04EC0-301F-11D3-BF4B-00C04F79EFBC}") = "Koop.Core", "Koop.Core\Koop.Core.csproj", "{6228610F-6FFE-45C0-AC57-2D9893EABFD8}"
EndProject
Global
	GlobalSection(SolutionConfigurationPlatforms) = preSolution
		Debug|Any CPU = Debug|Any CPU
		Release|Any CPU = Release|Any CPU
	EndGlobalSection
	GlobalSection(ProjectConfigurationPlatforms) = postSolution
		{1C7C7A6C-5FDF-4723-8FF6-C1258384056C}.Debug|Any CPU.ActiveCfg = Debug|Any CPU
		{1C7C7A6C-5FDF-4723-8FF6-C1258384056C}.Debug|Any CPU.Build.0 = Debug|Any CPU
		{1C7C7A6C-5FDF-4723-8FF6-C1258384056C}.Release|Any CPU.ActiveCfg = Release|Any CPU
		{1C7C7A6C-5FDF-4723-8FF6-C1258384056C}.Release|Any CPU.Build.0 = Release|Any CPU
		{AFF892DF-F8BD-4587-BDBE-214023320011}.Debug|Any CPU.ActiveCfg = Debug|Any CPU
		{AFF892DF-F8BD-4587-BDBE-214023320011}.Debug|Any CPU.Build.0 = Debug|Any CPU
		{AFF892DF-F8BD-4587-BDBE-214023320011}.Release|Any CPU.ActiveCfg = Release|Any CPU
		{AFF892DF-F8BD-4587-BDBE-214023320011}.Release|Any CPU.Build.0 = Release|Any CPU
		{652D419D-0E1D-4DD3-9882-FDC95DAC329D}.Debug|Any CPU.ActiveCfg = Debug|Any CPU
		{652D419D-0E1D-4DD3-9882-FDC95DAC329D}.Debug|Any CPU.Build.0 = Debug|Any CPU
		{652D419D-0E1D-4DD3-9882-FDC95DAC329D}.Release|Any CPU.ActiveCfg = Release|Any CPU
		{652D419D-0E1D-4DD3-9882-FDC95DAC329D}.Release|Any CPU.Build.0 = Release|Any CPU
		{5860E94E-6C8A-45E0-91B9-06355545F775}.Debug|Any CPU.ActiveCfg = Debug|Any CPU
		{5860E94E-6C8A-45E0-91B9-06355545F775}.Debug|Any CPU.Build.0 = Debug|Any CPU
		{5860E94E-6C8A-45E0-91B9-06355545F775}.Release|Any CPU.ActiveCfg = Release|Any CPU
		{5860E94E-6C8A-45E0-91B9-06355545F775}.Release|Any CPU.Build.0 = Release|Any CPU
		{6228610F-6FFE-45C0-AC57-2D9893EABFD8}.Debug|Any CPU.ActiveCfg = Debug|Any CPU
		{6228610F-6FFE-45C0-AC57-2D9893EABFD8}.Debug|Any CPU.Build.0 = Debug|Any CPU
		{6228610F-6FFE-45C0-AC57-2D9893EABFD8}.Release|Any CPU.ActiveCfg = Release|Any CPU
		{6228610F-6FFE-45C0-AC57-2D9893EABFD8}.Release|Any CPU.Build.0 = Release|Any CPU
	EndGlobalSection
	GlobalSection(SolutionProperties) = preSolution
		HideSolutionNode = FALSE
	EndGlobalSection
	GlobalSection(ExtensibilityGlobals) = postSolution
		SolutionGuid = {E315AD9A-DC52-4530-9023-C445CA274A40}
	EndGlobalSection
EndGlobal
